
Microsoft Visual Studio Solution File, Format Version 12.00
# Visual Studio Version 17
VisualStudioVersion = 17.7.34018.315
MinimumVisualStudioVersion = 10.0.40219.1
Project("{9A19103F-16F7-4668-BE54-9A1E7A4F7556}") = "PhotoBookUI", "PhotoBookUI\PhotoBookUI.csproj", "{DD7F46C1-132C-44F7-B917-8018E886F7F9}"
EndProject
Project("{9A19103F-16F7-4668-BE54-9A1E7A4F7556}") = "CppProjection", "CppProjection\CppProjection.csproj", "{D80CB5CC-1034-4C06-AB6D-49BE5F8C6D9D}"
EndProject
Project("{2150E333-8FDC-42A3-9474-1A3956D46DE8}") = "Solution Items", "Solution Items", "{57AB3D3D-0D03-4538-AED1-DB4230D6A626}"
	ProjectSection(SolutionItems) = preProject
		Directory.Build.props = Directory.Build.props
	EndProjectSection
EndProject
Project("{8BC9CEB8-8B4A-11D0-8D11-00A0C91BC942}") = "WinRTWrapper", "WinRTWrapper\WinRTWrapper.vcxproj", "{CF1570CD-37F7-4E1D-B362-ACF67FE0B595}"
EndProject
Global
	GlobalSection(SolutionConfigurationPlatforms) = preSolution
		Debug|Any CPU = Debug|Any CPU
		Debug|ARM = Debug|ARM
		Debug|ARM64 = Debug|ARM64
		Debug|x64 = Debug|x64
		Debug|x86 = Debug|x86
		MinSizeRel|Any CPU = MinSizeRel|Any CPU
		MinSizeRel|ARM = MinSizeRel|ARM
		MinSizeRel|ARM64 = MinSizeRel|ARM64
		MinSizeRel|x64 = MinSizeRel|x64
		MinSizeRel|x86 = MinSizeRel|x86
		Release|Any CPU = Release|Any CPU
		Release|ARM = Release|ARM
		Release|ARM64 = Release|ARM64
		Release|x64 = Release|x64
		Release|x86 = Release|x86
		RelWithDebInfo|Any CPU = RelWithDebInfo|Any CPU
		RelWithDebInfo|ARM = RelWithDebInfo|ARM
		RelWithDebInfo|ARM64 = RelWithDebInfo|ARM64
		RelWithDebInfo|x64 = RelWithDebInfo|x64
		RelWithDebInfo|x86 = RelWithDebInfo|x86
	EndGlobalSection
	GlobalSection(ProjectConfigurationPlatforms) = postSolution
		{DD7F46C1-132C-44F7-B917-8018E886F7F9}.Debug|Any CPU.ActiveCfg = Debug|Any CPU
		{DD7F46C1-132C-44F7-B917-8018E886F7F9}.Debug|Any CPU.Build.0 = Debug|Any CPU
		{DD7F46C1-132C-44F7-B917-8018E886F7F9}.Debug|Any CPU.Deploy.0 = Debug|Any CPU
		{DD7F46C1-132C-44F7-B917-8018E886F7F9}.Debug|ARM.ActiveCfg = Debug|Any CPU
		{DD7F46C1-132C-44F7-B917-8018E886F7F9}.Debug|ARM.Build.0 = Debug|Any CPU
		{DD7F46C1-132C-44F7-B917-8018E886F7F9}.Debug|ARM.Deploy.0 = Debug|Any CPU
		{DD7F46C1-132C-44F7-B917-8018E886F7F9}.Debug|ARM64.ActiveCfg = Debug|Any CPU
		{DD7F46C1-132C-44F7-B917-8018E886F7F9}.Debug|ARM64.Build.0 = Debug|Any CPU
		{DD7F46C1-132C-44F7-B917-8018E886F7F9}.Debug|ARM64.Deploy.0 = Debug|Any CPU
		{DD7F46C1-132C-44F7-B917-8018E886F7F9}.Debug|x64.ActiveCfg = Debug|Any CPU
		{DD7F46C1-132C-44F7-B917-8018E886F7F9}.Debug|x64.Build.0 = Debug|Any CPU
		{DD7F46C1-132C-44F7-B917-8018E886F7F9}.Debug|x64.Deploy.0 = Debug|Any CPU
		{DD7F46C1-132C-44F7-B917-8018E886F7F9}.Debug|x86.ActiveCfg = Debug|Any CPU
		{DD7F46C1-132C-44F7-B917-8018E886F7F9}.Debug|x86.Build.0 = Debug|Any CPU
		{DD7F46C1-132C-44F7-B917-8018E886F7F9}.Debug|x86.Deploy.0 = Debug|Any CPU
		{DD7F46C1-132C-44F7-B917-8018E886F7F9}.MinSizeRel|Any CPU.ActiveCfg = Debug|Any CPU
		{DD7F46C1-132C-44F7-B917-8018E886F7F9}.MinSizeRel|Any CPU.Build.0 = Debug|Any CPU
		{DD7F46C1-132C-44F7-B917-8018E886F7F9}.MinSizeRel|Any CPU.Deploy.0 = Debug|Any CPU
		{DD7F46C1-132C-44F7-B917-8018E886F7F9}.MinSizeRel|ARM.ActiveCfg = Release|Any CPU
		{DD7F46C1-132C-44F7-B917-8018E886F7F9}.MinSizeRel|ARM.Build.0 = Release|Any CPU
		{DD7F46C1-132C-44F7-B917-8018E886F7F9}.MinSizeRel|ARM.Deploy.0 = Release|Any CPU
		{DD7F46C1-132C-44F7-B917-8018E886F7F9}.MinSizeRel|ARM64.ActiveCfg = Release|Any CPU
		{DD7F46C1-132C-44F7-B917-8018E886F7F9}.MinSizeRel|ARM64.Build.0 = Release|Any CPU
		{DD7F46C1-132C-44F7-B917-8018E886F7F9}.MinSizeRel|ARM64.Deploy.0 = Release|Any CPU
		{DD7F46C1-132C-44F7-B917-8018E886F7F9}.MinSizeRel|x64.ActiveCfg = Debug|Any CPU
		{DD7F46C1-132C-44F7-B917-8018E886F7F9}.MinSizeRel|x64.Build.0 = Debug|Any CPU
		{DD7F46C1-132C-44F7-B917-8018E886F7F9}.MinSizeRel|x64.Deploy.0 = Debug|Any CPU
		{DD7F46C1-132C-44F7-B917-8018E886F7F9}.MinSizeRel|x86.ActiveCfg = Release|Any CPU
		{DD7F46C1-132C-44F7-B917-8018E886F7F9}.MinSizeRel|x86.Build.0 = Release|Any CPU
		{DD7F46C1-132C-44F7-B917-8018E886F7F9}.MinSizeRel|x86.Deploy.0 = Release|Any CPU
		{DD7F46C1-132C-44F7-B917-8018E886F7F9}.Release|Any CPU.ActiveCfg = Release|Any CPU
		{DD7F46C1-132C-44F7-B917-8018E886F7F9}.Release|Any CPU.Build.0 = Release|Any CPU
		{DD7F46C1-132C-44F7-B917-8018E886F7F9}.Release|Any CPU.Deploy.0 = Release|Any CPU
		{DD7F46C1-132C-44F7-B917-8018E886F7F9}.Release|ARM.ActiveCfg = Release|Any CPU
		{DD7F46C1-132C-44F7-B917-8018E886F7F9}.Release|ARM.Build.0 = Release|Any CPU
		{DD7F46C1-132C-44F7-B917-8018E886F7F9}.Release|ARM.Deploy.0 = Release|Any CPU
		{DD7F46C1-132C-44F7-B917-8018E886F7F9}.Release|ARM64.ActiveCfg = Release|Any CPU
		{DD7F46C1-132C-44F7-B917-8018E886F7F9}.Release|ARM64.Build.0 = Release|Any CPU
		{DD7F46C1-132C-44F7-B917-8018E886F7F9}.Release|ARM64.Deploy.0 = Release|Any CPU
		{DD7F46C1-132C-44F7-B917-8018E886F7F9}.Release|x64.ActiveCfg = Release|Any CPU
		{DD7F46C1-132C-44F7-B917-8018E886F7F9}.Release|x64.Build.0 = Release|Any CPU
		{DD7F46C1-132C-44F7-B917-8018E886F7F9}.Release|x64.Deploy.0 = Release|Any CPU
		{DD7F46C1-132C-44F7-B917-8018E886F7F9}.Release|x86.ActiveCfg = Release|Any CPU
		{DD7F46C1-132C-44F7-B917-8018E886F7F9}.Release|x86.Build.0 = Release|Any CPU
		{DD7F46C1-132C-44F7-B917-8018E886F7F9}.Release|x86.Deploy.0 = Release|Any CPU
		{DD7F46C1-132C-44F7-B917-8018E886F7F9}.RelWithDebInfo|Any CPU.ActiveCfg = Release|Any CPU
		{DD7F46C1-132C-44F7-B917-8018E886F7F9}.RelWithDebInfo|Any CPU.Build.0 = Release|Any CPU
		{DD7F46C1-132C-44F7-B917-8018E886F7F9}.RelWithDebInfo|Any CPU.Deploy.0 = Release|Any CPU
		{DD7F46C1-132C-44F7-B917-8018E886F7F9}.RelWithDebInfo|ARM.ActiveCfg = Release|Any CPU
		{DD7F46C1-132C-44F7-B917-8018E886F7F9}.RelWithDebInfo|ARM.Build.0 = Release|Any CPU
		{DD7F46C1-132C-44F7-B917-8018E886F7F9}.RelWithDebInfo|ARM.Deploy.0 = Release|Any CPU
		{DD7F46C1-132C-44F7-B917-8018E886F7F9}.RelWithDebInfo|ARM64.ActiveCfg = Release|Any CPU
		{DD7F46C1-132C-44F7-B917-8018E886F7F9}.RelWithDebInfo|ARM64.Build.0 = Release|Any CPU
		{DD7F46C1-132C-44F7-B917-8018E886F7F9}.RelWithDebInfo|ARM64.Deploy.0 = Release|Any CPU
		{DD7F46C1-132C-44F7-B917-8018E886F7F9}.RelWithDebInfo|x64.ActiveCfg = Release|Any CPU
		{DD7F46C1-132C-44F7-B917-8018E886F7F9}.RelWithDebInfo|x64.Build.0 = Release|Any CPU
		{DD7F46C1-132C-44F7-B917-8018E886F7F9}.RelWithDebInfo|x64.Deploy.0 = Release|Any CPU
		{DD7F46C1-132C-44F7-B917-8018E886F7F9}.RelWithDebInfo|x86.ActiveCfg = Release|Any CPU
		{DD7F46C1-132C-44F7-B917-8018E886F7F9}.RelWithDebInfo|x86.Build.0 = Release|Any CPU
		{DD7F46C1-132C-44F7-B917-8018E886F7F9}.RelWithDebInfo|x86.Deploy.0 = Release|Any CPU
		{D80CB5CC-1034-4C06-AB6D-49BE5F8C6D9D}.Debug|Any CPU.ActiveCfg = Debug|Any CPU
		{D80CB5CC-1034-4C06-AB6D-49BE5F8C6D9D}.Debug|Any CPU.Build.0 = Debug|Any CPU
		{D80CB5CC-1034-4C06-AB6D-49BE5F8C6D9D}.Debug|ARM.ActiveCfg = Debug|Any CPU
		{D80CB5CC-1034-4C06-AB6D-49BE5F8C6D9D}.Debug|ARM.Build.0 = Debug|Any CPU
		{D80CB5CC-1034-4C06-AB6D-49BE5F8C6D9D}.Debug|ARM64.ActiveCfg = Debug|Any CPU
		{D80CB5CC-1034-4C06-AB6D-49BE5F8C6D9D}.Debug|ARM64.Build.0 = Debug|Any CPU
		{D80CB5CC-1034-4C06-AB6D-49BE5F8C6D9D}.Debug|x64.ActiveCfg = Debug|Any CPU
		{D80CB5CC-1034-4C06-AB6D-49BE5F8C6D9D}.Debug|x64.Build.0 = Debug|Any CPU
		{D80CB5CC-1034-4C06-AB6D-49BE5F8C6D9D}.Debug|x86.ActiveCfg = Debug|Any CPU
		{D80CB5CC-1034-4C06-AB6D-49BE5F8C6D9D}.Debug|x86.Build.0 = Debug|Any CPU
		{D80CB5CC-1034-4C06-AB6D-49BE5F8C6D9D}.MinSizeRel|Any CPU.ActiveCfg = Debug|Any CPU
		{D80CB5CC-1034-4C06-AB6D-49BE5F8C6D9D}.MinSizeRel|Any CPU.Build.0 = Debug|Any CPU
		{D80CB5CC-1034-4C06-AB6D-49BE5F8C6D9D}.MinSizeRel|ARM.ActiveCfg = Release|Any CPU
		{D80CB5CC-1034-4C06-AB6D-49BE5F8C6D9D}.MinSizeRel|ARM.Build.0 = Release|Any CPU
		{D80CB5CC-1034-4C06-AB6D-49BE5F8C6D9D}.MinSizeRel|ARM64.ActiveCfg = Release|Any CPU
		{D80CB5CC-1034-4C06-AB6D-49BE5F8C6D9D}.MinSizeRel|ARM64.Build.0 = Release|Any CPU
		{D80CB5CC-1034-4C06-AB6D-49BE5F8C6D9D}.MinSizeRel|x64.ActiveCfg = Debug|Any CPU
		{D80CB5CC-1034-4C06-AB6D-49BE5F8C6D9D}.MinSizeRel|x64.Build.0 = Debug|Any CPU
		{D80CB5CC-1034-4C06-AB6D-49BE5F8C6D9D}.MinSizeRel|x86.ActiveCfg = Release|Any CPU
		{D80CB5CC-1034-4C06-AB6D-49BE5F8C6D9D}.MinSizeRel|x86.Build.0 = Release|Any CPU
		{D80CB5CC-1034-4C06-AB6D-49BE5F8C6D9D}.Release|Any CPU.ActiveCfg = Release|Any CPU
		{D80CB5CC-1034-4C06-AB6D-49BE5F8C6D9D}.Release|Any CPU.Build.0 = Release|Any CPU
		{D80CB5CC-1034-4C06-AB6D-49BE5F8C6D9D}.Release|ARM.ActiveCfg = Release|Any CPU
		{D80CB5CC-1034-4C06-AB6D-49BE5F8C6D9D}.Release|ARM.Build.0 = Release|Any CPU
		{D80CB5CC-1034-4C06-AB6D-49BE5F8C6D9D}.Release|ARM64.ActiveCfg = Release|Any CPU
		{D80CB5CC-1034-4C06-AB6D-49BE5F8C6D9D}.Release|ARM64.Build.0 = Release|Any CPU
		{D80CB5CC-1034-4C06-AB6D-49BE5F8C6D9D}.Release|x64.ActiveCfg = Release|Any CPU
		{D80CB5CC-1034-4C06-AB6D-49BE5F8C6D9D}.Release|x64.Build.0 = Release|Any CPU
		{D80CB5CC-1034-4C06-AB6D-49BE5F8C6D9D}.Release|x86.ActiveCfg = Release|Any CPU
		{D80CB5CC-1034-4C06-AB6D-49BE5F8C6D9D}.Release|x86.Build.0 = Release|Any CPU
		{D80CB5CC-1034-4C06-AB6D-49BE5F8C6D9D}.RelWithDebInfo|Any CPU.ActiveCfg = Release|Any CPU
		{D80CB5CC-1034-4C06-AB6D-49BE5F8C6D9D}.RelWithDebInfo|Any CPU.Build.0 = Release|Any CPU
		{D80CB5CC-1034-4C06-AB6D-49BE5F8C6D9D}.RelWithDebInfo|ARM.ActiveCfg = Release|Any CPU
		{D80CB5CC-1034-4C06-AB6D-49BE5F8C6D9D}.RelWithDebInfo|ARM.Build.0 = Release|Any CPU
		{D80CB5CC-1034-4C06-AB6D-49BE5F8C6D9D}.RelWithDebInfo|ARM64.ActiveCfg = Release|Any CPU
		{D80CB5CC-1034-4C06-AB6D-49BE5F8C6D9D}.RelWithDebInfo|ARM64.Build.0 = Release|Any CPU
		{D80CB5CC-1034-4C06-AB6D-49BE5F8C6D9D}.RelWithDebInfo|x64.ActiveCfg = Release|Any CPU
		{D80CB5CC-1034-4C06-AB6D-49BE5F8C6D9D}.RelWithDebInfo|x64.Build.0 = Release|Any CPU
		{D80CB5CC-1034-4C06-AB6D-49BE5F8C6D9D}.RelWithDebInfo|x86.ActiveCfg = Release|Any CPU
		{D80CB5CC-1034-4C06-AB6D-49BE5F8C6D9D}.RelWithDebInfo|x86.Build.0 = Release|Any CPU
		{CF1570CD-37F7-4E1D-B362-ACF67FE0B595}.Debug|Any CPU.ActiveCfg = Debug|x64
		{CF1570CD-37F7-4E1D-B362-ACF67FE0B595}.Debug|Any CPU.Build.0 = Debug|x64
		{CF1570CD-37F7-4E1D-B362-ACF67FE0B595}.Debug|ARM.ActiveCfg = Debug|ARM
		{CF1570CD-37F7-4E1D-B362-ACF67FE0B595}.Debug|ARM.Build.0 = Debug|ARM
		{CF1570CD-37F7-4E1D-B362-ACF67FE0B595}.Debug|ARM64.ActiveCfg = Debug|ARM64
		{CF1570CD-37F7-4E1D-B362-ACF67FE0B595}.Debug|ARM64.Build.0 = Debug|ARM64
		{CF1570CD-37F7-4E1D-B362-ACF67FE0B595}.Debug|x64.ActiveCfg = Debug|x64
		{CF1570CD-37F7-4E1D-B362-ACF67FE0B595}.Debug|x64.Build.0 = Debug|x64
		{CF1570CD-37F7-4E1D-B362-ACF67FE0B595}.Debug|x86.ActiveCfg = Debug|Win32
		{CF1570CD-37F7-4E1D-B362-ACF67FE0B595}.Debug|x86.Build.0 = Debug|Win32
		{CF1570CD-37F7-4E1D-B362-ACF67FE0B595}.MinSizeRel|Any CPU.ActiveCfg = Debug|x64
		{CF1570CD-37F7-4E1D-B362-ACF67FE0B595}.MinSizeRel|Any CPU.Build.0 = Debug|x64
		{CF1570CD-37F7-4E1D-B362-ACF67FE0B595}.MinSizeRel|ARM.ActiveCfg = Debug|ARM
		{CF1570CD-37F7-4E1D-B362-ACF67FE0B595}.MinSizeRel|ARM.Build.0 = Debug|ARM
		{CF1570CD-37F7-4E1D-B362-ACF67FE0B595}.MinSizeRel|ARM64.ActiveCfg = Debug|ARM64
		{CF1570CD-37F7-4E1D-B362-ACF67FE0B595}.MinSizeRel|ARM64.Build.0 = Debug|ARM64
		{CF1570CD-37F7-4E1D-B362-ACF67FE0B595}.MinSizeRel|x64.ActiveCfg = Debug|x64
		{CF1570CD-37F7-4E1D-B362-ACF67FE0B595}.MinSizeRel|x64.Build.0 = Debug|x64
		{CF1570CD-37F7-4E1D-B362-ACF67FE0B595}.MinSizeRel|x86.ActiveCfg = Debug|Win32
		{CF1570CD-37F7-4E1D-B362-ACF67FE0B595}.MinSizeRel|x86.Build.0 = Debug|Win32
		{CF1570CD-37F7-4E1D-B362-ACF67FE0B595}.Release|Any CPU.ActiveCfg = Release|x64
		{CF1570CD-37F7-4E1D-B362-ACF67FE0B595}.Release|Any CPU.Build.0 = Release|x64
		{CF1570CD-37F7-4E1D-B362-ACF67FE0B595}.Release|ARM.ActiveCfg = Release|ARM
		{CF1570CD-37F7-4E1D-B362-ACF67FE0B595}.Release|ARM.Build.0 = Release|ARM
		{CF1570CD-37F7-4E1D-B362-ACF67FE0B595}.Release|ARM64.ActiveCfg = Release|ARM64
		{CF1570CD-37F7-4E1D-B362-ACF67FE0B595}.Release|ARM64.Build.0 = Release|ARM64
		{CF1570CD-37F7-4E1D-B362-ACF67FE0B595}.Release|x64.ActiveCfg = Release|x64
		{CF1570CD-37F7-4E1D-B362-ACF67FE0B595}.Release|x64.Build.0 = Release|x64
		{CF1570CD-37F7-4E1D-B362-ACF67FE0B595}.Release|x86.ActiveCfg = Release|Win32
		{CF1570CD-37F7-4E1D-B362-ACF67FE0B595}.Release|x86.Build.0 = Release|Win32
		{CF1570CD-37F7-4E1D-B362-ACF67FE0B595}.RelWithDebInfo|Any CPU.ActiveCfg = Release|x64
		{CF1570CD-37F7-4E1D-B362-ACF67FE0B595}.RelWithDebInfo|Any CPU.Build.0 = Release|x64
		{CF1570CD-37F7-4E1D-B362-ACF67FE0B595}.RelWithDebInfo|ARM.ActiveCfg = Release|ARM
		{CF1570CD-37F7-4E1D-B362-ACF67FE0B595}.RelWithDebInfo|ARM.Build.0 = Release|ARM
		{CF1570CD-37F7-4E1D-B362-ACF67FE0B595}.RelWithDebInfo|ARM64.ActiveCfg = Release|ARM64
		{CF1570CD-37F7-4E1D-B362-ACF67FE0B595}.RelWithDebInfo|ARM64.Build.0 = Release|ARM64
		{CF1570CD-37F7-4E1D-B362-ACF67FE0B595}.RelWithDebInfo|x64.ActiveCfg = Release|x64
		{CF1570CD-37F7-4E1D-B362-ACF67FE0B595}.RelWithDebInfo|x64.Build.0 = Release|x64
		{CF1570CD-37F7-4E1D-B362-ACF67FE0B595}.RelWithDebInfo|x86.ActiveCfg = Release|Win32
		{CF1570CD-37F7-4E1D-B362-ACF67FE0B595}.RelWithDebInfo|x86.Build.0 = Release|Win32
	EndGlobalSection
	GlobalSection(SolutionProperties) = preSolution
		HideSolutionNode = FALSE
	EndGlobalSection
	GlobalSection(ExtensibilityGlobals) = postSolution
		SolutionGuid = {42AB95C9-A373-42CE-A3FF-9415205FC1B9}
	EndGlobalSection
EndGlobal
