
Microsoft Visual Studio Solution File, Format Version 12.00
# Visual Studio Version 17
VisualStudioVersion = 17.7.34018.315
MinimumVisualStudioVersion = 10.0.40219.1
Project("{FAE04EC0-301F-11D3-BF4B-00C04F79EFBC}") = "PhotoBookUI", "PhotoBookUI\PhotoBookUI.csproj", "{DD7F46C1-132C-44F7-B917-8018E886F7F9}"
EndProject
Project("{FAE04EC0-301F-11D3-BF4B-00C04F79EFBC}") = "CppProjection", "CppProjection\CppProjection.csproj", "{D80CB5CC-1034-4C06-AB6D-49BE5F8C6D9D}"
EndProject
Project("{2150E333-8FDC-42A3-9474-1A3956D46DE8}") = "Solution Items", "Solution Items", "{57AB3D3D-0D03-4538-AED1-DB4230D6A626}"
	ProjectSection(SolutionItems) = preProject
		Directory.Build.props = Directory.Build.props
	EndProjectSection
EndProject
Global
	GlobalSection(SolutionConfigurationPlatforms) = preSolution
		Debug|Any CPU = Debug|Any CPU
		Debug|x64 = Debug|x64
		MinSizeRel|Any CPU = MinSizeRel|Any CPU
		MinSizeRel|x64 = MinSizeRel|x64
		Release|Any CPU = Release|Any CPU
		Release|x64 = Release|x64
		RelWithDebInfo|Any CPU = RelWithDebInfo|Any CPU
		RelWithDebInfo|x64 = RelWithDebInfo|x64
	EndGlobalSection
	GlobalSection(ProjectConfigurationPlatforms) = postSolution
		{DD7F46C1-132C-44F7-B917-8018E886F7F9}.Debug|Any CPU.ActiveCfg = Debug|Any CPU
		{DD7F46C1-132C-44F7-B917-8018E886F7F9}.Debug|Any CPU.Build.0 = Debug|Any CPU
		{DD7F46C1-132C-44F7-B917-8018E886F7F9}.Debug|Any CPU.Deploy.0 = Debug|Any CPU
		{DD7F46C1-132C-44F7-B917-8018E886F7F9}.Debug|x64.ActiveCfg = Debug|Any CPU
		{DD7F46C1-132C-44F7-B917-8018E886F7F9}.Debug|x64.Build.0 = Debug|Any CPU
		{DD7F46C1-132C-44F7-B917-8018E886F7F9}.Debug|x64.Deploy.0 = Debug|Any CPU
		{DD7F46C1-132C-44F7-B917-8018E886F7F9}.MinSizeRel|Any CPU.ActiveCfg = Debug|Any CPU
		{DD7F46C1-132C-44F7-B917-8018E886F7F9}.MinSizeRel|Any CPU.Build.0 = Debug|Any CPU
		{DD7F46C1-132C-44F7-B917-8018E886F7F9}.MinSizeRel|Any CPU.Deploy.0 = Debug|Any CPU
		{DD7F46C1-132C-44F7-B917-8018E886F7F9}.MinSizeRel|x64.ActiveCfg = Debug|Any CPU
		{DD7F46C1-132C-44F7-B917-8018E886F7F9}.MinSizeRel|x64.Build.0 = Debug|Any CPU
		{DD7F46C1-132C-44F7-B917-8018E886F7F9}.MinSizeRel|x64.Deploy.0 = Debug|Any CPU
		{DD7F46C1-132C-44F7-B917-8018E886F7F9}.Release|Any CPU.ActiveCfg = Release|Any CPU
		{DD7F46C1-132C-44F7-B917-8018E886F7F9}.Release|Any CPU.Build.0 = Release|Any CPU
		{DD7F46C1-132C-44F7-B917-8018E886F7F9}.Release|Any CPU.Deploy.0 = Release|Any CPU
		{DD7F46C1-132C-44F7-B917-8018E886F7F9}.Release|x64.ActiveCfg = Release|Any CPU
		{DD7F46C1-132C-44F7-B917-8018E886F7F9}.Release|x64.Build.0 = Release|Any CPU
		{DD7F46C1-132C-44F7-B917-8018E886F7F9}.Release|x64.Deploy.0 = Release|Any CPU
		{DD7F46C1-132C-44F7-B917-8018E886F7F9}.RelWithDebInfo|Any CPU.ActiveCfg = Release|Any CPU
		{DD7F46C1-132C-44F7-B917-8018E886F7F9}.RelWithDebInfo|Any CPU.Build.0 = Release|Any CPU
		{DD7F46C1-132C-44F7-B917-8018E886F7F9}.RelWithDebInfo|Any CPU.Deploy.0 = Release|Any CPU
		{DD7F46C1-132C-44F7-B917-8018E886F7F9}.RelWithDebInfo|x64.ActiveCfg = Release|Any CPU
		{DD7F46C1-132C-44F7-B917-8018E886F7F9}.RelWithDebInfo|x64.Build.0 = Release|Any CPU
		{DD7F46C1-132C-44F7-B917-8018E886F7F9}.RelWithDebInfo|x64.Deploy.0 = Release|Any CPU
		{D80CB5CC-1034-4C06-AB6D-49BE5F8C6D9D}.Debug|Any CPU.ActiveCfg = Debug|Any CPU
		{D80CB5CC-1034-4C06-AB6D-49BE5F8C6D9D}.Debug|Any CPU.Build.0 = Debug|Any CPU
		{D80CB5CC-1034-4C06-AB6D-49BE5F8C6D9D}.Debug|x64.ActiveCfg = Debug|Any CPU
		{D80CB5CC-1034-4C06-AB6D-49BE5F8C6D9D}.Debug|x64.Build.0 = Debug|Any CPU
		{D80CB5CC-1034-4C06-AB6D-49BE5F8C6D9D}.MinSizeRel|Any CPU.ActiveCfg = Debug|Any CPU
		{D80CB5CC-1034-4C06-AB6D-49BE5F8C6D9D}.MinSizeRel|Any CPU.Build.0 = Debug|Any CPU
		{D80CB5CC-1034-4C06-AB6D-49BE5F8C6D9D}.MinSizeRel|x64.ActiveCfg = Debug|Any CPU
		{D80CB5CC-1034-4C06-AB6D-49BE5F8C6D9D}.MinSizeRel|x64.Build.0 = Debug|Any CPU
		{D80CB5CC-1034-4C06-AB6D-49BE5F8C6D9D}.Release|Any CPU.ActiveCfg = Release|Any CPU
		{D80CB5CC-1034-4C06-AB6D-49BE5F8C6D9D}.Release|Any CPU.Build.0 = Release|Any CPU
		{D80CB5CC-1034-4C06-AB6D-49BE5F8C6D9D}.Release|x64.ActiveCfg = Release|Any CPU
		{D80CB5CC-1034-4C06-AB6D-49BE5F8C6D9D}.Release|x64.Build.0 = Release|Any CPU
		{D80CB5CC-1034-4C06-AB6D-49BE5F8C6D9D}.RelWithDebInfo|Any CPU.ActiveCfg = Release|Any CPU
		{D80CB5CC-1034-4C06-AB6D-49BE5F8C6D9D}.RelWithDebInfo|Any CPU.Build.0 = Release|Any CPU
		{D80CB5CC-1034-4C06-AB6D-49BE5F8C6D9D}.RelWithDebInfo|x64.ActiveCfg = Release|Any CPU
		{D80CB5CC-1034-4C06-AB6D-49BE5F8C6D9D}.RelWithDebInfo|x64.Build.0 = Release|Any CPU
	EndGlobalSection
	GlobalSection(SolutionProperties) = preSolution
		HideSolutionNode = FALSE
	EndGlobalSection
	GlobalSection(ExtensibilityGlobals) = postSolution
		SolutionGuid = {42AB95C9-A373-42CE-A3FF-9415205FC1B9}
	EndGlobalSection
EndGlobal
